// !$*UTF8*$!
{
	archiveVersion = 1;
	classes = {
	};
	objectVersion = 56;
	objects = {

/* Begin PBXBuildFile section */
		88E88F952A99CBD300C1C410 /* NetworkService.swift in Sources */ = {isa = PBXBuildFile; fileRef = 88E88F942A99CBD300C1C410 /* NetworkService.swift */; };
		88E88F972A99CCA300C1C410 /* CardServiceProtocol.swift in Sources */ = {isa = PBXBuildFile; fileRef = 88E88F962A99CCA300C1C410 /* CardServiceProtocol.swift */; };
		88E88F992A99CDE200C1C410 /* Product.swift in Sources */ = {isa = PBXBuildFile; fileRef = 88E88F982A99CDE200C1C410 /* Product.swift */; };
		88E88F9B2A99CE5000C1C410 /* Price.swift in Sources */ = {isa = PBXBuildFile; fileRef = 88E88F9A2A99CE5000C1C410 /* Price.swift */; };
		88E88F9D2A99CF2D00C1C410 /* ProductImage.swift in Sources */ = {isa = PBXBuildFile; fileRef = 88E88F9C2A99CF2D00C1C410 /* ProductImage.swift */; };
		88E88F9F2A99CFEC00C1C410 /* Link.swift in Sources */ = {isa = PBXBuildFile; fileRef = 88E88F9E2A99CFEC00C1C410 /* Link.swift */; };
		88E88FA52A99D37900C1C410 /* MockCardService.swift in Sources */ = {isa = PBXBuildFile; fileRef = 88E88FA42A99D37900C1C410 /* MockCardService.swift */; };
		88E88FA72A99D63300C1C410 /* CustomColor.swift in Sources */ = {isa = PBXBuildFile; fileRef = 88E88FA62A99D63300C1C410 /* CustomColor.swift */; };
		88E88FAA2A9B3CDD00C1C410 /* UIScreen+ScreenSize.swift in Sources */ = {isa = PBXBuildFile; fileRef = 88E88FA92A9B3CDD00C1C410 /* UIScreen+ScreenSize.swift */; };
		88E9C10A2A972434002B0FE4 /* CardDetail.swift in Sources */ = {isa = PBXBuildFile; fileRef = 88E9C1092A972434002B0FE4 /* CardDetail.swift */; };
		88E9C11A2A97A8D6002B0FE4 /* README.md in Resources */ = {isa = PBXBuildFile; fileRef = 88E9C1192A97A8D6002B0FE4 /* README.md */; };
		88E9C11B2A97A8D6002B0FE4 /* README.md in Resources */ = {isa = PBXBuildFile; fileRef = 88E9C1192A97A8D6002B0FE4 /* README.md */; };
		88E9C11C2A97A8D6002B0FE4 /* README.md in Resources */ = {isa = PBXBuildFile; fileRef = 88E9C1192A97A8D6002B0FE4 /* README.md */; };
		88E9C11F2A97EEA2002B0FE4 /* String+stripOutHtml.swift in Sources */ = {isa = PBXBuildFile; fileRef = 88E9C11E2A97EEA2002B0FE4 /* String+stripOutHtml.swift */; };
		88F8F0B52A95D23D00ED8FC3 /* MPDemoApp.swift in Sources */ = {isa = PBXBuildFile; fileRef = 88F8F0B42A95D23D00ED8FC3 /* MPDemoApp.swift */; };
		88F8F0B92A95D23F00ED8FC3 /* Assets.xcassets in Resources */ = {isa = PBXBuildFile; fileRef = 88F8F0B82A95D23F00ED8FC3 /* Assets.xcassets */; };
		88F8F0BC2A95D23F00ED8FC3 /* Preview Assets.xcassets in Resources */ = {isa = PBXBuildFile; fileRef = 88F8F0BB2A95D23F00ED8FC3 /* Preview Assets.xcassets */; };
		88F8F0C62A95D23F00ED8FC3 /* MPDemoTests.swift in Sources */ = {isa = PBXBuildFile; fileRef = 88F8F0C52A95D23F00ED8FC3 /* MPDemoTests.swift */; };
		88F8F0D02A95D23F00ED8FC3 /* MPDemoUITests.swift in Sources */ = {isa = PBXBuildFile; fileRef = 88F8F0CF2A95D23F00ED8FC3 /* MPDemoUITests.swift */; };
		88F8F0D22A95D23F00ED8FC3 /* MPDemoUITestsLaunchTests.swift in Sources */ = {isa = PBXBuildFile; fileRef = 88F8F0D12A95D23F00ED8FC3 /* MPDemoUITestsLaunchTests.swift */; };
		88F8F0DF2A95D34800ED8FC3 /* Card.swift in Sources */ = {isa = PBXBuildFile; fileRef = 88F8F0DE2A95D34800ED8FC3 /* Card.swift */; };
		88F8F0E32A95DBB600ED8FC3 /* CardViewModel.swift in Sources */ = {isa = PBXBuildFile; fileRef = 88F8F0E22A95DBB600ED8FC3 /* CardViewModel.swift */; };
		88F8F0E82A961FAD00ED8FC3 /* CardView.swift in Sources */ = {isa = PBXBuildFile; fileRef = 88F8F0E72A961FAD00ED8FC3 /* CardView.swift */; };
		88F966642A988ED60077033A /* AppDelegate.swift in Sources */ = {isa = PBXBuildFile; fileRef = 88F966632A988ED60077033A /* AppDelegate.swift */; };
/* End PBXBuildFile section */

/* Begin PBXContainerItemProxy section */
		88F8F0C22A95D23F00ED8FC3 /* PBXContainerItemProxy */ = {
			isa = PBXContainerItemProxy;
			containerPortal = 88F8F0A92A95D23D00ED8FC3 /* Project object */;
			proxyType = 1;
			remoteGlobalIDString = 88F8F0B02A95D23D00ED8FC3;
			remoteInfo = MPDemo;
		};
		88F8F0CC2A95D23F00ED8FC3 /* PBXContainerItemProxy */ = {
			isa = PBXContainerItemProxy;
			containerPortal = 88F8F0A92A95D23D00ED8FC3 /* Project object */;
			proxyType = 1;
			remoteGlobalIDString = 88F8F0B02A95D23D00ED8FC3;
			remoteInfo = MPDemo;
		};
/* End PBXContainerItemProxy section */

/* Begin PBXFileReference section */
		88E88F942A99CBD300C1C410 /* NetworkService.swift */ = {isa = PBXFileReference; lastKnownFileType = sourcecode.swift; path = NetworkService.swift; sourceTree = "<group>"; };
		88E88F962A99CCA300C1C410 /* CardServiceProtocol.swift */ = {isa = PBXFileReference; lastKnownFileType = sourcecode.swift; path = CardServiceProtocol.swift; sourceTree = "<group>"; };
		88E88F982A99CDE200C1C410 /* Product.swift */ = {isa = PBXFileReference; lastKnownFileType = sourcecode.swift; path = Product.swift; sourceTree = "<group>"; };
		88E88F9A2A99CE5000C1C410 /* Price.swift */ = {isa = PBXFileReference; lastKnownFileType = sourcecode.swift; path = Price.swift; sourceTree = "<group>"; };
		88E88F9C2A99CF2D00C1C410 /* ProductImage.swift */ = {isa = PBXFileReference; lastKnownFileType = sourcecode.swift; path = ProductImage.swift; sourceTree = "<group>"; };
		88E88F9E2A99CFEC00C1C410 /* Link.swift */ = {isa = PBXFileReference; lastKnownFileType = sourcecode.swift; path = Link.swift; sourceTree = "<group>"; };
		88E88FA42A99D37900C1C410 /* MockCardService.swift */ = {isa = PBXFileReference; lastKnownFileType = sourcecode.swift; path = MockCardService.swift; sourceTree = "<group>"; };
		88E88FA62A99D63300C1C410 /* CustomColor.swift */ = {isa = PBXFileReference; lastKnownFileType = sourcecode.swift; path = CustomColor.swift; sourceTree = "<group>"; };
		88E88FA92A9B3CDD00C1C410 /* UIScreen+ScreenSize.swift */ = {isa = PBXFileReference; lastKnownFileType = sourcecode.swift; path = "UIScreen+ScreenSize.swift"; sourceTree = "<group>"; };
		88E9C1092A972434002B0FE4 /* CardDetail.swift */ = {isa = PBXFileReference; lastKnownFileType = sourcecode.swift; path = CardDetail.swift; sourceTree = "<group>"; };
		88E9C1192A97A8D6002B0FE4 /* README.md */ = {isa = PBXFileReference; lastKnownFileType = net.daringfireball.markdown; path = README.md; sourceTree = "<group>"; };
		88E9C11E2A97EEA2002B0FE4 /* String+stripOutHtml.swift */ = {isa = PBXFileReference; lastKnownFileType = sourcecode.swift; path = "String+stripOutHtml.swift"; sourceTree = "<group>"; };
		88F8F0B12A95D23D00ED8FC3 /* MPDemo.app */ = {isa = PBXFileReference; explicitFileType = wrapper.application; includeInIndex = 0; path = MPDemo.app; sourceTree = BUILT_PRODUCTS_DIR; };
		88F8F0B42A95D23D00ED8FC3 /* MPDemoApp.swift */ = {isa = PBXFileReference; lastKnownFileType = sourcecode.swift; path = MPDemoApp.swift; sourceTree = "<group>"; };
		88F8F0B82A95D23F00ED8FC3 /* Assets.xcassets */ = {isa = PBXFileReference; lastKnownFileType = folder.assetcatalog; path = Assets.xcassets; sourceTree = "<group>"; };
		88F8F0BB2A95D23F00ED8FC3 /* Preview Assets.xcassets */ = {isa = PBXFileReference; lastKnownFileType = folder.assetcatalog; path = "Preview Assets.xcassets"; sourceTree = "<group>"; };
		88F8F0C12A95D23F00ED8FC3 /* MPDemoTests.xctest */ = {isa = PBXFileReference; explicitFileType = wrapper.cfbundle; includeInIndex = 0; path = MPDemoTests.xctest; sourceTree = BUILT_PRODUCTS_DIR; };
		88F8F0C52A95D23F00ED8FC3 /* MPDemoTests.swift */ = {isa = PBXFileReference; lastKnownFileType = sourcecode.swift; path = MPDemoTests.swift; sourceTree = "<group>"; };
		88F8F0CB2A95D23F00ED8FC3 /* MPDemoUITests.xctest */ = {isa = PBXFileReference; explicitFileType = wrapper.cfbundle; includeInIndex = 0; path = MPDemoUITests.xctest; sourceTree = BUILT_PRODUCTS_DIR; };
		88F8F0CF2A95D23F00ED8FC3 /* MPDemoUITests.swift */ = {isa = PBXFileReference; lastKnownFileType = sourcecode.swift; path = MPDemoUITests.swift; sourceTree = "<group>"; };
		88F8F0D12A95D23F00ED8FC3 /* MPDemoUITestsLaunchTests.swift */ = {isa = PBXFileReference; lastKnownFileType = sourcecode.swift; path = MPDemoUITestsLaunchTests.swift; sourceTree = "<group>"; };
		88F8F0DE2A95D34800ED8FC3 /* Card.swift */ = {isa = PBXFileReference; lastKnownFileType = sourcecode.swift; path = Card.swift; sourceTree = "<group>"; };
		88F8F0E22A95DBB600ED8FC3 /* CardViewModel.swift */ = {isa = PBXFileReference; lastKnownFileType = sourcecode.swift; path = CardViewModel.swift; sourceTree = "<group>"; };
		88F8F0E72A961FAD00ED8FC3 /* CardView.swift */ = {isa = PBXFileReference; lastKnownFileType = sourcecode.swift; path = CardView.swift; sourceTree = "<group>"; };
		88F966632A988ED60077033A /* AppDelegate.swift */ = {isa = PBXFileReference; lastKnownFileType = sourcecode.swift; path = AppDelegate.swift; sourceTree = "<group>"; };
/* End PBXFileReference section */

/* Begin PBXFrameworksBuildPhase section */
		88F8F0AE2A95D23D00ED8FC3 /* Frameworks */ = {
			isa = PBXFrameworksBuildPhase;
			buildActionMask = 2147483647;
			files = (
			);
			runOnlyForDeploymentPostprocessing = 0;
		};
		88F8F0BE2A95D23F00ED8FC3 /* Frameworks */ = {
			isa = PBXFrameworksBuildPhase;
			buildActionMask = 2147483647;
			files = (
			);
			runOnlyForDeploymentPostprocessing = 0;
		};
		88F8F0C82A95D23F00ED8FC3 /* Frameworks */ = {
			isa = PBXFrameworksBuildPhase;
			buildActionMask = 2147483647;
			files = (
			);
			runOnlyForDeploymentPostprocessing = 0;
		};
/* End PBXFrameworksBuildPhase section */

/* Begin PBXGroup section */
		88E88FA02A99D16D00C1C410 /* Protocols */ = {
			isa = PBXGroup;
			children = (
				88E88F962A99CCA300C1C410 /* CardServiceProtocol.swift */,
			);
			path = Protocols;
			sourceTree = "<group>";
		};
		88E88FA32A99D2D400C1C410 /* Services */ = {
			isa = PBXGroup;
			children = (
				88E88F942A99CBD300C1C410 /* NetworkService.swift */,
				88E88FA42A99D37900C1C410 /* MockCardService.swift */,
			);
			path = Services;
			sourceTree = "<group>";
		};
		88E88FA82A99DCD000C1C410 /* Colors */ = {
			isa = PBXGroup;
			children = (
				88E88FA62A99D63300C1C410 /* CustomColor.swift */,
			);
			path = Colors;
			sourceTree = "<group>";
		};
		88E9C11D2A97EE77002B0FE4 /* Extensions */ = {
			isa = PBXGroup;
			children = (
				88E9C11E2A97EEA2002B0FE4 /* String+stripOutHtml.swift */,
				88E88FA92A9B3CDD00C1C410 /* UIScreen+ScreenSize.swift */,
			);
			path = Extensions;
			sourceTree = "<group>";
		};
		88F8F0A82A95D23D00ED8FC3 = {
			isa = PBXGroup;
			children = (
				88F8F0B32A95D23D00ED8FC3 /* MPDemo */,
				88F8F0C42A95D23F00ED8FC3 /* MPDemoTests */,
				88F8F0CE2A95D23F00ED8FC3 /* MPDemoUITests */,
				88F8F0B22A95D23D00ED8FC3 /* Products */,
				88E9C1192A97A8D6002B0FE4 /* README.md */,
			);
			sourceTree = "<group>";
		};
		88F8F0B22A95D23D00ED8FC3 /* Products */ = {
			isa = PBXGroup;
			children = (
				88F8F0B12A95D23D00ED8FC3 /* MPDemo.app */,
				88F8F0C12A95D23F00ED8FC3 /* MPDemoTests.xctest */,
				88F8F0CB2A95D23F00ED8FC3 /* MPDemoUITests.xctest */,
			);
			name = Products;
			sourceTree = "<group>";
		};
		88F8F0B32A95D23D00ED8FC3 /* MPDemo */ = {
			isa = PBXGroup;
			children = (
				88F966632A988ED60077033A /* AppDelegate.swift */,
				88F8F0B82A95D23F00ED8FC3 /* Assets.xcassets */,
				88E88FA82A99DCD000C1C410 /* Colors */,
				88E9C11D2A97EE77002B0FE4 /* Extensions */,
				88F8F0E02A95DAD500ED8FC3 /* Model */,
				88F8F0BA2A95D23F00ED8FC3 /* Preview Content */,
				88E88FA02A99D16D00C1C410 /* Protocols */,
				88E88FA32A99D2D400C1C410 /* Services */,
				88F8F0E12A95DB0100ED8FC3 /* View */,
				88F8F0E42A95DBC400ED8FC3 /* ViewModel */,
			);
			path = MPDemo;
			sourceTree = "<group>";
		};
		88F8F0BA2A95D23F00ED8FC3 /* Preview Content */ = {
			isa = PBXGroup;
			children = (
				88F8F0BB2A95D23F00ED8FC3 /* Preview Assets.xcassets */,
			);
			path = "Preview Content";
			sourceTree = "<group>";
		};
		88F8F0C42A95D23F00ED8FC3 /* MPDemoTests */ = {
			isa = PBXGroup;
			children = (
				88F8F0C52A95D23F00ED8FC3 /* MPDemoTests.swift */,
			);
			path = MPDemoTests;
			sourceTree = "<group>";
		};
		88F8F0CE2A95D23F00ED8FC3 /* MPDemoUITests */ = {
			isa = PBXGroup;
			children = (
				88F8F0CF2A95D23F00ED8FC3 /* MPDemoUITests.swift */,
				88F8F0D12A95D23F00ED8FC3 /* MPDemoUITestsLaunchTests.swift */,
			);
			path = MPDemoUITests;
			sourceTree = "<group>";
		};
		88F8F0E02A95DAD500ED8FC3 /* Model */ = {
			isa = PBXGroup;
			children = (
				88F8F0DE2A95D34800ED8FC3 /* Card.swift */,
				88E88F9C2A99CF2D00C1C410 /* ProductImage.swift */,
				88E88F982A99CDE200C1C410 /* Product.swift */,
				88E88F9A2A99CE5000C1C410 /* Price.swift */,
				88E88F9E2A99CFEC00C1C410 /* Link.swift */,
			);
			path = Model;
			sourceTree = "<group>";
		};
		88F8F0E12A95DB0100ED8FC3 /* View */ = {
			isa = PBXGroup;
			children = (
				88F8F0B42A95D23D00ED8FC3 /* MPDemoApp.swift */,
				88E9C1092A972434002B0FE4 /* CardDetail.swift */,
				88F8F0E72A961FAD00ED8FC3 /* CardView.swift */,
			);
			path = View;
			sourceTree = "<group>";
		};
		88F8F0E42A95DBC400ED8FC3 /* ViewModel */ = {
			isa = PBXGroup;
			children = (
				88F8F0E22A95DBB600ED8FC3 /* CardViewModel.swift */,
			);
			path = ViewModel;
			sourceTree = "<group>";
		};
/* End PBXGroup section */

/* Begin PBXNativeTarget section */
		88F8F0B02A95D23D00ED8FC3 /* MPDemo */ = {
			isa = PBXNativeTarget;
			buildConfigurationList = 88F8F0D52A95D23F00ED8FC3 /* Build configuration list for PBXNativeTarget "MPDemo" */;
			buildPhases = (
				88F8F0AD2A95D23D00ED8FC3 /* Sources */,
				88F8F0AE2A95D23D00ED8FC3 /* Frameworks */,
				88F8F0AF2A95D23D00ED8FC3 /* Resources */,
			);
			buildRules = (
			);
			dependencies = (
			);
			name = MPDemo;
			productName = MPDemo;
			productReference = 88F8F0B12A95D23D00ED8FC3 /* MPDemo.app */;
			productType = "com.apple.product-type.application";
		};
		88F8F0C02A95D23F00ED8FC3 /* MPDemoTests */ = {
			isa = PBXNativeTarget;
			buildConfigurationList = 88F8F0D82A95D23F00ED8FC3 /* Build configuration list for PBXNativeTarget "MPDemoTests" */;
			buildPhases = (
				88F8F0BD2A95D23F00ED8FC3 /* Sources */,
				88F8F0BE2A95D23F00ED8FC3 /* Frameworks */,
				88F8F0BF2A95D23F00ED8FC3 /* Resources */,
			);
			buildRules = (
			);
			dependencies = (
				88F8F0C32A95D23F00ED8FC3 /* PBXTargetDependency */,
			);
			name = MPDemoTests;
			productName = MPDemoTests;
			productReference = 88F8F0C12A95D23F00ED8FC3 /* MPDemoTests.xctest */;
			productType = "com.apple.product-type.bundle.unit-test";
		};
		88F8F0CA2A95D23F00ED8FC3 /* MPDemoUITests */ = {
			isa = PBXNativeTarget;
			buildConfigurationList = 88F8F0DB2A95D23F00ED8FC3 /* Build configuration list for PBXNativeTarget "MPDemoUITests" */;
			buildPhases = (
				88F8F0C72A95D23F00ED8FC3 /* Sources */,
				88F8F0C82A95D23F00ED8FC3 /* Frameworks */,
				88F8F0C92A95D23F00ED8FC3 /* Resources */,
			);
			buildRules = (
			);
			dependencies = (
				88F8F0CD2A95D23F00ED8FC3 /* PBXTargetDependency */,
			);
			name = MPDemoUITests;
			productName = MPDemoUITests;
			productReference = 88F8F0CB2A95D23F00ED8FC3 /* MPDemoUITests.xctest */;
			productType = "com.apple.product-type.bundle.ui-testing";
		};
/* End PBXNativeTarget section */

/* Begin PBXProject section */
		88F8F0A92A95D23D00ED8FC3 /* Project object */ = {
			isa = PBXProject;
			attributes = {
				BuildIndependentTargetsInParallel = 1;
				LastSwiftUpdateCheck = 1410;
				LastUpgradeCheck = 1410;
				TargetAttributes = {
					88F8F0B02A95D23D00ED8FC3 = {
						CreatedOnToolsVersion = 14.1;
					};
					88F8F0C02A95D23F00ED8FC3 = {
						CreatedOnToolsVersion = 14.1;
						TestTargetID = 88F8F0B02A95D23D00ED8FC3;
					};
					88F8F0CA2A95D23F00ED8FC3 = {
						CreatedOnToolsVersion = 14.1;
						TestTargetID = 88F8F0B02A95D23D00ED8FC3;
					};
				};
			};
			buildConfigurationList = 88F8F0AC2A95D23D00ED8FC3 /* Build configuration list for PBXProject "MPDemo" */;
			compatibilityVersion = "Xcode 14.0";
			developmentRegion = en;
			hasScannedForEncodings = 0;
			knownRegions = (
				en,
				Base,
			);
			mainGroup = 88F8F0A82A95D23D00ED8FC3;
			productRefGroup = 88F8F0B22A95D23D00ED8FC3 /* Products */;
			projectDirPath = "";
			projectRoot = "";
			targets = (
				88F8F0B02A95D23D00ED8FC3 /* MPDemo */,
				88F8F0C02A95D23F00ED8FC3 /* MPDemoTests */,
				88F8F0CA2A95D23F00ED8FC3 /* MPDemoUITests */,
			);
		};
/* End PBXProject section */

/* Begin PBXResourcesBuildPhase section */
		88F8F0AF2A95D23D00ED8FC3 /* Resources */ = {
			isa = PBXResourcesBuildPhase;
			buildActionMask = 2147483647;
			files = (
				88E9C11A2A97A8D6002B0FE4 /* README.md in Resources */,
				88F8F0BC2A95D23F00ED8FC3 /* Preview Assets.xcassets in Resources */,
				88F8F0B92A95D23F00ED8FC3 /* Assets.xcassets in Resources */,
			);
			runOnlyForDeploymentPostprocessing = 0;
		};
		88F8F0BF2A95D23F00ED8FC3 /* Resources */ = {
			isa = PBXResourcesBuildPhase;
			buildActionMask = 2147483647;
			files = (
				88E9C11B2A97A8D6002B0FE4 /* README.md in Resources */,
			);
			runOnlyForDeploymentPostprocessing = 0;
		};
		88F8F0C92A95D23F00ED8FC3 /* Resources */ = {
			isa = PBXResourcesBuildPhase;
			buildActionMask = 2147483647;
			files = (
				88E9C11C2A97A8D6002B0FE4 /* README.md in Resources */,
			);
			runOnlyForDeploymentPostprocessing = 0;
		};
/* End PBXResourcesBuildPhase section */

/* Begin PBXSourcesBuildPhase section */
		88F8F0AD2A95D23D00ED8FC3 /* Sources */ = {
			isa = PBXSourcesBuildPhase;
			buildActionMask = 2147483647;
			files = (
				88E88F972A99CCA300C1C410 /* CardServiceProtocol.swift in Sources */,
				88F8F0E32A95DBB600ED8FC3 /* CardViewModel.swift in Sources */,
				88E9C10A2A972434002B0FE4 /* CardDetail.swift in Sources */,
				88E9C11F2A97EEA2002B0FE4 /* String+stripOutHtml.swift in Sources */,
				88F8F0DF2A95D34800ED8FC3 /* Card.swift in Sources */,
				88E88F9F2A99CFEC00C1C410 /* Link.swift in Sources */,
				88E88F9D2A99CF2D00C1C410 /* ProductImage.swift in Sources */,
				88E88F952A99CBD300C1C410 /* NetworkService.swift in Sources */,
				88E88FAA2A9B3CDD00C1C410 /* UIScreen+ScreenSize.swift in Sources */,
				88E88FA72A99D63300C1C410 /* CustomColor.swift in Sources */,
				88F966642A988ED60077033A /* AppDelegate.swift in Sources */,
				88E88FA52A99D37900C1C410 /* MockCardService.swift in Sources */,
				88E88F992A99CDE200C1C410 /* Product.swift in Sources */,
				88E88F9B2A99CE5000C1C410 /* Price.swift in Sources */,
				88F8F0B52A95D23D00ED8FC3 /* MPDemoApp.swift in Sources */,
				88F8F0E82A961FAD00ED8FC3 /* CardView.swift in Sources */,
			);
			runOnlyForDeploymentPostprocessing = 0;
		};
		88F8F0BD2A95D23F00ED8FC3 /* Sources */ = {
			isa = PBXSourcesBuildPhase;
			buildActionMask = 2147483647;
			files = (
				88F8F0C62A95D23F00ED8FC3 /* MPDemoTests.swift in Sources */,
			);
			runOnlyForDeploymentPostprocessing = 0;
		};
		88F8F0C72A95D23F00ED8FC3 /* Sources */ = {
			isa = PBXSourcesBuildPhase;
			buildActionMask = 2147483647;
			files = (
				88F8F0D22A95D23F00ED8FC3 /* MPDemoUITestsLaunchTests.swift in Sources */,
				88F8F0D02A95D23F00ED8FC3 /* MPDemoUITests.swift in Sources */,
			);
			runOnlyForDeploymentPostprocessing = 0;
		};
/* End PBXSourcesBuildPhase section */

/* Begin PBXTargetDependency section */
		88F8F0C32A95D23F00ED8FC3 /* PBXTargetDependency */ = {
			isa = PBXTargetDependency;
			target = 88F8F0B02A95D23D00ED8FC3 /* MPDemo */;
			targetProxy = 88F8F0C22A95D23F00ED8FC3 /* PBXContainerItemProxy */;
		};
		88F8F0CD2A95D23F00ED8FC3 /* PBXTargetDependency */ = {
			isa = PBXTargetDependency;
			target = 88F8F0B02A95D23D00ED8FC3 /* MPDemo */;
			targetProxy = 88F8F0CC2A95D23F00ED8FC3 /* PBXContainerItemProxy */;
		};
/* End PBXTargetDependency section */

/* Begin XCBuildConfiguration section */
		88F8F0D32A95D23F00ED8FC3 /* Debug */ = {
			isa = XCBuildConfiguration;
			buildSettings = {
				ALWAYS_SEARCH_USER_PATHS = NO;
				CLANG_ANALYZER_NONNULL = YES;
				CLANG_ANALYZER_NUMBER_OBJECT_CONVERSION = YES_AGGRESSIVE;
				CLANG_CXX_LANGUAGE_STANDARD = "gnu++20";
				CLANG_ENABLE_MODULES = YES;
				CLANG_ENABLE_OBJC_ARC = YES;
				CLANG_ENABLE_OBJC_WEAK = YES;
				CLANG_WARN_BLOCK_CAPTURE_AUTORELEASING = YES;
				CLANG_WARN_BOOL_CONVERSION = YES;
				CLANG_WARN_COMMA = YES;
				CLANG_WARN_CONSTANT_CONVERSION = YES;
				CLANG_WARN_DEPRECATED_OBJC_IMPLEMENTATIONS = YES;
				CLANG_WARN_DIRECT_OBJC_ISA_USAGE = YES_ERROR;
				CLANG_WARN_DOCUMENTATION_COMMENTS = YES;
				CLANG_WARN_EMPTY_BODY = YES;
				CLANG_WARN_ENUM_CONVERSION = YES;
				CLANG_WARN_INFINITE_RECURSION = YES;
				CLANG_WARN_INT_CONVERSION = YES;
				CLANG_WARN_NON_LITERAL_NULL_CONVERSION = YES;
				CLANG_WARN_OBJC_IMPLICIT_RETAIN_SELF = YES;
				CLANG_WARN_OBJC_LITERAL_CONVERSION = YES;
				CLANG_WARN_OBJC_ROOT_CLASS = YES_ERROR;
				CLANG_WARN_QUOTED_INCLUDE_IN_FRAMEWORK_HEADER = YES;
				CLANG_WARN_RANGE_LOOP_ANALYSIS = YES;
				CLANG_WARN_STRICT_PROTOTYPES = YES;
				CLANG_WARN_SUSPICIOUS_MOVE = YES;
				CLANG_WARN_UNGUARDED_AVAILABILITY = YES_AGGRESSIVE;
				CLANG_WARN_UNREACHABLE_CODE = YES;
				CLANG_WARN__DUPLICATE_METHOD_MATCH = YES;
				COPY_PHASE_STRIP = NO;
				DEBUG_INFORMATION_FORMAT = dwarf;
				ENABLE_STRICT_OBJC_MSGSEND = YES;
				ENABLE_TESTABILITY = YES;
				GCC_C_LANGUAGE_STANDARD = gnu11;
				GCC_DYNAMIC_NO_PIC = NO;
				GCC_NO_COMMON_BLOCKS = YES;
				GCC_OPTIMIZATION_LEVEL = 0;
				GCC_PREPROCESSOR_DEFINITIONS = (
					"DEBUG=1",
					"$(inherited)",
				);
				GCC_WARN_64_TO_32_BIT_CONVERSION = YES;
				GCC_WARN_ABOUT_RETURN_TYPE = YES_ERROR;
				GCC_WARN_UNDECLARED_SELECTOR = YES;
				GCC_WARN_UNINITIALIZED_AUTOS = YES_AGGRESSIVE;
				GCC_WARN_UNUSED_FUNCTION = YES;
				GCC_WARN_UNUSED_VARIABLE = YES;
				IPHONEOS_DEPLOYMENT_TARGET = 16.1;
				MTL_ENABLE_DEBUG_INFO = INCLUDE_SOURCE;
				MTL_FAST_MATH = YES;
				ONLY_ACTIVE_ARCH = YES;
				SDKROOT = iphoneos;
				SWIFT_ACTIVE_COMPILATION_CONDITIONS = DEBUG;
				SWIFT_OPTIMIZATION_LEVEL = "-Onone";
			};
			name = Debug;
		};
		88F8F0D42A95D23F00ED8FC3 /* Release */ = {
			isa = XCBuildConfiguration;
			buildSettings = {
				ALWAYS_SEARCH_USER_PATHS = NO;
				CLANG_ANALYZER_NONNULL = YES;
				CLANG_ANALYZER_NUMBER_OBJECT_CONVERSION = YES_AGGRESSIVE;
				CLANG_CXX_LANGUAGE_STANDARD = "gnu++20";
				CLANG_ENABLE_MODULES = YES;
				CLANG_ENABLE_OBJC_ARC = YES;
				CLANG_ENABLE_OBJC_WEAK = YES;
				CLANG_WARN_BLOCK_CAPTURE_AUTORELEASING = YES;
				CLANG_WARN_BOOL_CONVERSION = YES;
				CLANG_WARN_COMMA = YES;
				CLANG_WARN_CONSTANT_CONVERSION = YES;
				CLANG_WARN_DEPRECATED_OBJC_IMPLEMENTATIONS = YES;
				CLANG_WARN_DIRECT_OBJC_ISA_USAGE = YES_ERROR;
				CLANG_WARN_DOCUMENTATION_COMMENTS = YES;
				CLANG_WARN_EMPTY_BODY = YES;
				CLANG_WARN_ENUM_CONVERSION = YES;
				CLANG_WARN_INFINITE_RECURSION = YES;
				CLANG_WARN_INT_CONVERSION = YES;
				CLANG_WARN_NON_LITERAL_NULL_CONVERSION = YES;
				CLANG_WARN_OBJC_IMPLICIT_RETAIN_SELF = YES;
				CLANG_WARN_OBJC_LITERAL_CONVERSION = YES;
				CLANG_WARN_OBJC_ROOT_CLASS = YES_ERROR;
				CLANG_WARN_QUOTED_INCLUDE_IN_FRAMEWORK_HEADER = YES;
				CLANG_WARN_RANGE_LOOP_ANALYSIS = YES;
				CLANG_WARN_STRICT_PROTOTYPES = YES;
				CLANG_WARN_SUSPICIOUS_MOVE = YES;
				CLANG_WARN_UNGUARDED_AVAILABILITY = YES_AGGRESSIVE;
				CLANG_WARN_UNREACHABLE_CODE = YES;
				CLANG_WARN__DUPLICATE_METHOD_MATCH = YES;
				COPY_PHASE_STRIP = NO;
				DEBUG_INFORMATION_FORMAT = "dwarf-with-dsym";
				ENABLE_NS_ASSERTIONS = NO;
				ENABLE_STRICT_OBJC_MSGSEND = YES;
				GCC_C_LANGUAGE_STANDARD = gnu11;
				GCC_NO_COMMON_BLOCKS = YES;
				GCC_WARN_64_TO_32_BIT_CONVERSION = YES;
				GCC_WARN_ABOUT_RETURN_TYPE = YES_ERROR;
				GCC_WARN_UNDECLARED_SELECTOR = YES;
				GCC_WARN_UNINITIALIZED_AUTOS = YES_AGGRESSIVE;
				GCC_WARN_UNUSED_FUNCTION = YES;
				GCC_WARN_UNUSED_VARIABLE = YES;
				IPHONEOS_DEPLOYMENT_TARGET = 16.1;
				MTL_ENABLE_DEBUG_INFO = NO;
				MTL_FAST_MATH = YES;
				SDKROOT = iphoneos;
				SWIFT_COMPILATION_MODE = wholemodule;
				SWIFT_OPTIMIZATION_LEVEL = "-O";
				VALIDATE_PRODUCT = YES;
			};
			name = Release;
		};
		88F8F0D62A95D23F00ED8FC3 /* Debug */ = {
			isa = XCBuildConfiguration;
			buildSettings = {
				ASSETCATALOG_COMPILER_APPICON_NAME = AppIcon;
				ASSETCATALOG_COMPILER_GLOBAL_ACCENT_COLOR_NAME = AccentColor;
				CODE_SIGN_STYLE = Automatic;
				CURRENT_PROJECT_VERSION = 1;
				DEVELOPMENT_ASSET_PATHS = "\"MPDemo/Preview Content\"";
				DEVELOPMENT_TEAM = BBU5SL63GJ;
				ENABLE_PREVIEWS = YES;
				GENERATE_INFOPLIST_FILE = YES;
				INFOPLIST_KEY_UIApplicationSceneManifest_Generation = YES;
				INFOPLIST_KEY_UIApplicationSupportsIndirectInputEvents = YES;
				INFOPLIST_KEY_UILaunchScreen_Generation = YES;
				INFOPLIST_KEY_UISupportedInterfaceOrientations = UIInterfaceOrientationPortrait;
				LD_RUNPATH_SEARCH_PATHS = (
					"$(inherited)",
					"@executable_path/Frameworks",
				);
				MARKETING_VERSION = 1.0;
				PRODUCT_BUNDLE_IDENTIFIER = com.bluelightcard.MPDemo;
				PRODUCT_NAME = "$(TARGET_NAME)";
				SUPPORTED_PLATFORMS = "iphoneos iphonesimulator";
				SUPPORTS_MACCATALYST = NO;
				SUPPORTS_MAC_DESIGNED_FOR_IPHONE_IPAD = YES;
				SWIFT_EMIT_LOC_STRINGS = YES;
				SWIFT_VERSION = 5.0;
				TARGETED_DEVICE_FAMILY = 1;
			};
			name = Debug;
		};
		88F8F0D72A95D23F00ED8FC3 /* Release */ = {
			isa = XCBuildConfiguration;
			buildSettings = {
				ASSETCATALOG_COMPILER_APPICON_NAME = AppIcon;
				ASSETCATALOG_COMPILER_GLOBAL_ACCENT_COLOR_NAME = AccentColor;
				CODE_SIGN_STYLE = Automatic;
				CURRENT_PROJECT_VERSION = 1;
				DEVELOPMENT_ASSET_PATHS = "\"MPDemo/Preview Content\"";
				DEVELOPMENT_TEAM = BBU5SL63GJ;
				ENABLE_PREVIEWS = YES;
				GENERATE_INFOPLIST_FILE = YES;
				INFOPLIST_KEY_UIApplicationSceneManifest_Generation = YES;
				INFOPLIST_KEY_UIApplicationSupportsIndirectInputEvents = YES;
				INFOPLIST_KEY_UILaunchScreen_Generation = YES;
				INFOPLIST_KEY_UISupportedInterfaceOrientations = UIInterfaceOrientationPortrait;
				LD_RUNPATH_SEARCH_PATHS = (
					"$(inherited)",
					"@executable_path/Frameworks",
				);
				MARKETING_VERSION = 1.0;
				PRODUCT_BUNDLE_IDENTIFIER = com.bluelightcard.MPDemo;
				PRODUCT_NAME = "$(TARGET_NAME)";
				SUPPORTED_PLATFORMS = "iphoneos iphonesimulator";
				SUPPORTS_MACCATALYST = NO;
				SUPPORTS_MAC_DESIGNED_FOR_IPHONE_IPAD = YES;
				SWIFT_EMIT_LOC_STRINGS = YES;
				SWIFT_VERSION = 5.0;
				TARGETED_DEVICE_FAMILY = 1;
			};
			name = Release;
		};
		88F8F0D92A95D23F00ED8FC3 /* Debug */ = {
			isa = XCBuildConfiguration;
			buildSettings = {
				ALWAYS_EMBED_SWIFT_STANDARD_LIBRARIES = YES;
				BUNDLE_LOADER = "$(TEST_HOST)";
				CODE_SIGN_STYLE = Automatic;
				CURRENT_PROJECT_VERSION = 1;
				DEVELOPMENT_TEAM = BBU5SL63GJ;
				GENERATE_INFOPLIST_FILE = YES;
				IPHONEOS_DEPLOYMENT_TARGET = 16.1;
				MARKETING_VERSION = 1.0;
				PRODUCT_BUNDLE_IDENTIFIER = com.bluelightcard.MPDemoTests;
				PRODUCT_NAME = "$(TARGET_NAME)";
				SWIFT_EMIT_LOC_STRINGS = NO;
				SWIFT_VERSION = 5.0;
				TARGETED_DEVICE_FAMILY = "1,2";
				TEST_HOST = "$(BUILT_PRODUCTS_DIR)/MPDemo.app/$(BUNDLE_EXECUTABLE_FOLDER_PATH)/MPDemo";
			};
			name = Debug;
		};
		88F8F0DA2A95D23F00ED8FC3 /* Release */ = {
			isa = XCBuildConfiguration;
			buildSettings = {
				ALWAYS_EMBED_SWIFT_STANDARD_LIBRARIES = YES;
				BUNDLE_LOADER = "$(TEST_HOST)";
				CODE_SIGN_STYLE = Automatic;
				CURRENT_PROJECT_VERSION = 1;
				DEVELOPMENT_TEAM = BBU5SL63GJ;
				GENERATE_INFOPLIST_FILE = YES;
				IPHONEOS_DEPLOYMENT_TARGET = 16.1;
				MARKETING_VERSION = 1.0;
				PRODUCT_BUNDLE_IDENTIFIER = com.bluelightcard.MPDemoTests;
				PRODUCT_NAME = "$(TARGET_NAME)";
				SWIFT_EMIT_LOC_STRINGS = NO;
				SWIFT_VERSION = 5.0;
				TARGETED_DEVICE_FAMILY = "1,2";
				TEST_HOST = "$(BUILT_PRODUCTS_DIR)/MPDemo.app/$(BUNDLE_EXECUTABLE_FOLDER_PATH)/MPDemo";
			};
			name = Release;
		};
		88F8F0DC2A95D23F00ED8FC3 /* Debug */ = {
			isa = XCBuildConfiguration;
			buildSettings = {
				ALWAYS_EMBED_SWIFT_STANDARD_LIBRARIES = YES;
				CODE_SIGN_STYLE = Automatic;
				CURRENT_PROJECT_VERSION = 1;
				DEVELOPMENT_TEAM = BBU5SL63GJ;
				GENERATE_INFOPLIST_FILE = YES;
				MARKETING_VERSION = 1.0;
				PRODUCT_BUNDLE_IDENTIFIER = com.bluelightcard.MPDemoUITests;
				PRODUCT_NAME = "$(TARGET_NAME)";
				SWIFT_EMIT_LOC_STRINGS = NO;
				SWIFT_VERSION = 5.0;
				TARGETED_DEVICE_FAMILY = "1,2";
				TEST_TARGET_NAME = MPDemo;
			};
			name = Debug;
		};
		88F8F0DD2A95D23F00ED8FC3 /* Release */ = {
			isa = XCBuildConfiguration;
			buildSettings = {
				ALWAYS_EMBED_SWIFT_STANDARD_LIBRARIES = YES;
				CODE_SIGN_STYLE = Automatic;
				CURRENT_PROJECT_VERSION = 1;
				DEVELOPMENT_TEAM = BBU5SL63GJ;
				GENERATE_INFOPLIST_FILE = YES;
				MARKETING_VERSION = 1.0;
				PRODUCT_BUNDLE_IDENTIFIER = com.bluelightcard.MPDemoUITests;
				PRODUCT_NAME = "$(TARGET_NAME)";
				SWIFT_EMIT_LOC_STRINGS = NO;
				SWIFT_VERSION = 5.0;
				TARGETED_DEVICE_FAMILY = "1,2";
				TEST_TARGET_NAME = MPDemo;
			};
			name = Release;
		};
/* End XCBuildConfiguration section */

/* Begin XCConfigurationList section */
		88F8F0AC2A95D23D00ED8FC3 /* Build configuration list for PBXProject "MPDemo" */ = {
			isa = XCConfigurationList;
			buildConfigurations = (
				88F8F0D32A95D23F00ED8FC3 /* Debug */,
				88F8F0D42A95D23F00ED8FC3 /* Release */,
			);
			defaultConfigurationIsVisible = 0;
			defaultConfigurationName = Release;
		};
		88F8F0D52A95D23F00ED8FC3 /* Build configuration list for PBXNativeTarget "MPDemo" */ = {
			isa = XCConfigurationList;
			buildConfigurations = (
				88F8F0D62A95D23F00ED8FC3 /* Debug */,
				88F8F0D72A95D23F00ED8FC3 /* Release */,
			);
			defaultConfigurationIsVisible = 0;
			defaultConfigurationName = Release;
		};
		88F8F0D82A95D23F00ED8FC3 /* Build configuration list for PBXNativeTarget "MPDemoTests" */ = {
			isa = XCConfigurationList;
			buildConfigurations = (
				88F8F0D92A95D23F00ED8FC3 /* Debug */,
				88F8F0DA2A95D23F00ED8FC3 /* Release */,
			);
			defaultConfigurationIsVisible = 0;
			defaultConfigurationName = Release;
		};
		88F8F0DB2A95D23F00ED8FC3 /* Build configuration list for PBXNativeTarget "MPDemoUITests" */ = {
			isa = XCConfigurationList;
			buildConfigurations = (
				88F8F0DC2A95D23F00ED8FC3 /* Debug */,
				88F8F0DD2A95D23F00ED8FC3 /* Release */,
			);
			defaultConfigurationIsVisible = 0;
			defaultConfigurationName = Release;
		};
/* End XCConfigurationList section */
	};
	rootObject = 88F8F0A92A95D23D00ED8FC3 /* Project object */;
}
